
Microsoft Visual Studio Solution File, Format Version 12.00
# Visual Studio Version 16
VisualStudioVersion = 16.0.32002.261
MinimumVisualStudioVersion = 10.0.40219.1
Project("{FAE04EC0-301F-11D3-BF4B-00C04F79EFBC}") = "WebAppRestaurantDemoApp", "WebAppRestaurantDemoApp\WebAppRestaurantDemoApp.csproj", "{1106F4A7-8468-47E4-94B9-7BFBA6B9452A}"
EndProject
Global
	GlobalSection(SolutionConfigurationPlatforms) = preSolution
		Debug|Any CPU = Debug|Any CPU
		Release|Any CPU = Release|Any CPU
	EndGlobalSection
	GlobalSection(ProjectConfigurationPlatforms) = postSolution
		{1106F4A7-8468-47E4-94B9-7BFBA6B9452A}.Debug|Any CPU.ActiveCfg = Debug|Any CPU
		{1106F4A7-8468-47E4-94B9-7BFBA6B9452A}.Debug|Any CPU.Build.0 = Debug|Any CPU
		{1106F4A7-8468-47E4-94B9-7BFBA6B9452A}.Release|Any CPU.ActiveCfg = Release|Any CPU
		{1106F4A7-8468-47E4-94B9-7BFBA6B9452A}.Release|Any CPU.Build.0 = Release|Any CPU
	EndGlobalSection
	GlobalSection(SolutionProperties) = preSolution
		HideSolutionNode = FALSE
	EndGlobalSection
	GlobalSection(ExtensibilityGlobals) = postSolution
		SolutionGuid = {C645750A-4C31-428E-A97E-7444D45D3AD1}
	EndGlobalSection
EndGlobal
